
Microsoft Visual Studio Solution File, Format Version 12.00
# Visual Studio Version 17
VisualStudioVersion = 17.3.32929.385
MinimumVisualStudioVersion = 10.0.40219.1
Project("{C7167F0D-BC9F-4E6E-AFE1-012C56B48DB5}") = "Example.Package", "Example.Package\Example.Package.wapproj", "{B5650D0D-8AD6-47EA-B96F-585BDD8260C9}"
EndProject
Project("{8BC9CEB8-8B4A-11D0-8D11-00A0C91BC942}") = "Example", "Example\Example.vcxproj", "{1A079408-7F3B-4BAC-B1FC-CDA45BE926ED}"
EndProject
Project("{8BC9CEB8-8B4A-11D0-8D11-00A0C91BC942}") = "RNCClipboard", "..\node_modules\@react-native-clipboard\clipboard\windows\RNCClipboard\RNCClipboard.vcxproj", "{F73165FF-BE08-4B0D-A8B4-B6BAA123A16C}"
EndProject
Global
	GlobalSection(SolutionConfigurationPlatforms) = preSolution
		Debug|x64 = Debug|x64
		Debug|x86 = Debug|x86
		Debug|ARM64 = Debug|ARM64
		Release|x64 = Release|x64
		Release|x86 = Release|x86
		Release|ARM64 = Release|ARM64
	EndGlobalSection
	GlobalSection(ProjectConfigurationPlatforms) = postSolution
		{B5650D0D-8AD6-47EA-B96F-585BDD8260C9}.Debug|x64.ActiveCfg = Debug|x64
		{B5650D0D-8AD6-47EA-B96F-585BDD8260C9}.Debug|x64.Build.0 = Debug|x64
		{B5650D0D-8AD6-47EA-B96F-585BDD8260C9}.Debug|x64.Deploy.0 = Debug|x64
		{B5650D0D-8AD6-47EA-B96F-585BDD8260C9}.Debug|x86.ActiveCfg = Debug|x86
		{B5650D0D-8AD6-47EA-B96F-585BDD8260C9}.Debug|x86.Build.0 = Debug|x86
		{B5650D0D-8AD6-47EA-B96F-585BDD8260C9}.Debug|x86.Deploy.0 = Debug|x86
		{B5650D0D-8AD6-47EA-B96F-585BDD8260C9}.Debug|ARM64.ActiveCfg = Debug|ARM64
		{B5650D0D-8AD6-47EA-B96F-585BDD8260C9}.Debug|ARM64.Build.0 = Debug|ARM64
		{B5650D0D-8AD6-47EA-B96F-585BDD8260C9}.Debug|ARM64.Deploy.0 = Debug|ARM64
		{B5650D0D-8AD6-47EA-B96F-585BDD8260C9}.Release|x64.ActiveCfg = Release|x64
		{B5650D0D-8AD6-47EA-B96F-585BDD8260C9}.Release|x64.Build.0 = Release|x64
		{B5650D0D-8AD6-47EA-B96F-585BDD8260C9}.Release|x64.Deploy.0 = Release|x64
		{B5650D0D-8AD6-47EA-B96F-585BDD8260C9}.Release|x86.ActiveCfg = Release|x86
		{B5650D0D-8AD6-47EA-B96F-585BDD8260C9}.Release|x86.Build.0 = Release|x86
		{B5650D0D-8AD6-47EA-B96F-585BDD8260C9}.Release|x86.Deploy.0 = Release|x86
		{B5650D0D-8AD6-47EA-B96F-585BDD8260C9}.Release|ARM64.ActiveCfg = Release|ARM64
		{B5650D0D-8AD6-47EA-B96F-585BDD8260C9}.Release|ARM64.Build.0 = Release|ARM64
		{B5650D0D-8AD6-47EA-B96F-585BDD8260C9}.Release|ARM64.Deploy.0 = Release|ARM64
		{1A079408-7F3B-4BAC-B1FC-CDA45BE926ED}.Debug|x64.ActiveCfg = Debug|x64
		{1A079408-7F3B-4BAC-B1FC-CDA45BE926ED}.Debug|x64.Build.0 = Debug|x64
		{1A079408-7F3B-4BAC-B1FC-CDA45BE926ED}.Debug|x64.Deploy.0 = Debug|x64
		{1A079408-7F3B-4BAC-B1FC-CDA45BE926ED}.Debug|x86.ActiveCfg = Debug|Win32
		{1A079408-7F3B-4BAC-B1FC-CDA45BE926ED}.Debug|x86.Build.0 = Debug|Win32
		{1A079408-7F3B-4BAC-B1FC-CDA45BE926ED}.Debug|x86.Deploy.0 = Debug|Win32
		{1A079408-7F3B-4BAC-B1FC-CDA45BE926ED}.Debug|ARM64.ActiveCfg = Debug|ARM64
		{1A079408-7F3B-4BAC-B1FC-CDA45BE926ED}.Debug|ARM64.Build.0 = Debug|ARM64
		{1A079408-7F3B-4BAC-B1FC-CDA45BE926ED}.Debug|ARM64.Deploy.0 = Debug|ARM64
		{1A079408-7F3B-4BAC-B1FC-CDA45BE926ED}.Release|x64.ActiveCfg = Release|x64
		{1A079408-7F3B-4BAC-B1FC-CDA45BE926ED}.Release|x64.Build.0 = Release|x64
		{1A079408-7F3B-4BAC-B1FC-CDA45BE926ED}.Release|x64.Deploy.0 = Release|x64
		{1A079408-7F3B-4BAC-B1FC-CDA45BE926ED}.Release|x86.ActiveCfg = Release|Win32
		{1A079408-7F3B-4BAC-B1FC-CDA45BE926ED}.Release|x86.Build.0 = Release|Win32
		{1A079408-7F3B-4BAC-B1FC-CDA45BE926ED}.Release|x86.Deploy.0 = Release|Win32
		{1A079408-7F3B-4BAC-B1FC-CDA45BE926ED}.Release|ARM64.ActiveCfg = Release|ARM64
		{1A079408-7F3B-4BAC-B1FC-CDA45BE926ED}.Release|ARM64.Build.0 = Release|ARM64
		{1A079408-7F3B-4BAC-B1FC-CDA45BE926ED}.Release|ARM64.Deploy.0 = Release|ARM64
		{F73165FF-BE08-4B0D-A8B4-B6BAA123A16C}.Debug|x64.ActiveCfg = Debug|x64
		{F73165FF-BE08-4B0D-A8B4-B6BAA123A16C}.Debug|x64.Build.0 = Debug|x64
		{F73165FF-BE08-4B0D-A8B4-B6BAA123A16C}.Debug|x86.ActiveCfg = Debug|Win32
		{F73165FF-BE08-4B0D-A8B4-B6BAA123A16C}.Debug|x86.Build.0 = Debug|Win32
		{F73165FF-BE08-4B0D-A8B4-B6BAA123A16C}.Debug|ARM64.ActiveCfg = Debug|ARM64
		{F73165FF-BE08-4B0D-A8B4-B6BAA123A16C}.Debug|ARM64.Build.0 = Debug|ARM64
		{F73165FF-BE08-4B0D-A8B4-B6BAA123A16C}.Release|x64.ActiveCfg = Release|x64
		{F73165FF-BE08-4B0D-A8B4-B6BAA123A16C}.Release|x64.Build.0 = Release|x64
		{F73165FF-BE08-4B0D-A8B4-B6BAA123A16C}.Release|x86.ActiveCfg = Release|Win32
		{F73165FF-BE08-4B0D-A8B4-B6BAA123A16C}.Release|x86.Build.0 = Release|Win32
		{F73165FF-BE08-4B0D-A8B4-B6BAA123A16C}.Release|ARM64.ActiveCfg = Release|ARM64
		{F73165FF-BE08-4B0D-A8B4-B6BAA123A16C}.Release|ARM64.Build.0 = Release|ARM64
	EndGlobalSection
	GlobalSection(SolutionProperties) = preSolution
		HideSolutionNode = FALSE
	EndGlobalSection
	GlobalSection(ExtensibilityGlobals) = postSolution
		SolutionGuid = {D43FAD39-F619-437D-BB40-04A3982ACB6A}
	EndGlobalSection
EndGlobal
